
Microsoft Visual Studio Solution File, Format Version 12.00
# Visual Studio 15
VisualStudioVersion = 15.0.28218.60
MinimumVisualStudioVersion = 10.0.40219.1
Project("{2150E333-8FDC-42A3-9474-1A3956D46DE8}") = "LanguageMentor", "LanguageMentor", "{92A069AE-1D49-44B8-BC33-66A358E7C465}"
EndProject
Project("{2150E333-8FDC-42A3-9474-1A3956D46DE8}") = "Web", "Web", "{778D2BFF-7316-446A-9AA9-0E326B0360BA}"
EndProject
Project("{FAE04EC0-301F-11D3-BF4B-00C04F79EFBC}") = "LanguageMentor.Web.Api", "LanguageMentor.Web.Api\LanguageMentor.Web.Api.csproj", "{8C5513BE-0116-4CF1-B2A4-1B28C7AC1E12}"
EndProject
Project("{2150E333-8FDC-42A3-9474-1A3956D46DE8}") = "Services", "Services", "{1AFFD538-CC1B-4CA8-8404-78474039AE68}"
EndProject
Project("{2150E333-8FDC-42A3-9474-1A3956D46DE8}") = "Core", "Core", "{93F7C0CE-03BF-4E1B-A01C-165994841FB3}"
EndProject
Project("{FAE04EC0-301F-11D3-BF4B-00C04F79EFBC}") = "LanguageMentor.Core", "LanguageMentor.Core\LanguageMentor.Core.csproj", "{F7DCF7ED-6D0A-4D96-A763-60A495B66139}"
EndProject
Project("{FAE04EC0-301F-11D3-BF4B-00C04F79EFBC}") = "LanguageMentor.Services.Interfaces", "LanguageMentor.Services.Interfaces\LanguageMentor.Services.Interfaces.csproj", "{FCCE1AF2-C306-4092-838A-CF1B9E6185A5}"
EndProject
Project("{FAE04EC0-301F-11D3-BF4B-00C04F79EFBC}") = "LanguageMentor.Services", "LanguageMentor.Services\LanguageMentor.Services.csproj", "{922A6F3D-B4E2-4891-9FC4-96B134AEB552}"
EndProject
Project("{2150E333-8FDC-42A3-9474-1A3956D46DE8}") = "Data", "Data", "{AA0EE77C-EA27-45A7-BFF9-E73011BC3E41}"
EndProject
Project("{FAE04EC0-301F-11D3-BF4B-00C04F79EFBC}") = "LanguageMentor.Data", "LanguageMentor.Data\LanguageMentor.Data.csproj", "{C57D1C6F-2B2D-411C-8922-FDFDE3FEFEBA}"
EndProject
Project("{FAE04EC0-301F-11D3-BF4B-00C04F79EFBC}") = "LanguageMentor.Data.EF6", "LanguageMentor.Data.EF6\LanguageMentor.Data.EF6.csproj", "{C6CDCB12-2E8C-4C46-B9BD-F3A3C90F1550}"
EndProject
Global
	GlobalSection(SolutionConfigurationPlatforms) = preSolution
		Debug|Any CPU = Debug|Any CPU
		Release|Any CPU = Release|Any CPU
	EndGlobalSection
	GlobalSection(ProjectConfigurationPlatforms) = postSolution
		{8C5513BE-0116-4CF1-B2A4-1B28C7AC1E12}.Debug|Any CPU.ActiveCfg = Debug|Any CPU
		{8C5513BE-0116-4CF1-B2A4-1B28C7AC1E12}.Debug|Any CPU.Build.0 = Debug|Any CPU
		{8C5513BE-0116-4CF1-B2A4-1B28C7AC1E12}.Release|Any CPU.ActiveCfg = Release|Any CPU
		{8C5513BE-0116-4CF1-B2A4-1B28C7AC1E12}.Release|Any CPU.Build.0 = Release|Any CPU
		{F7DCF7ED-6D0A-4D96-A763-60A495B66139}.Debug|Any CPU.ActiveCfg = Debug|Any CPU
		{F7DCF7ED-6D0A-4D96-A763-60A495B66139}.Debug|Any CPU.Build.0 = Debug|Any CPU
		{F7DCF7ED-6D0A-4D96-A763-60A495B66139}.Release|Any CPU.ActiveCfg = Release|Any CPU
		{F7DCF7ED-6D0A-4D96-A763-60A495B66139}.Release|Any CPU.Build.0 = Release|Any CPU
		{FCCE1AF2-C306-4092-838A-CF1B9E6185A5}.Debug|Any CPU.ActiveCfg = Debug|Any CPU
		{FCCE1AF2-C306-4092-838A-CF1B9E6185A5}.Debug|Any CPU.Build.0 = Debug|Any CPU
		{FCCE1AF2-C306-4092-838A-CF1B9E6185A5}.Release|Any CPU.ActiveCfg = Release|Any CPU
		{FCCE1AF2-C306-4092-838A-CF1B9E6185A5}.Release|Any CPU.Build.0 = Release|Any CPU
		{922A6F3D-B4E2-4891-9FC4-96B134AEB552}.Debug|Any CPU.ActiveCfg = Debug|Any CPU
		{922A6F3D-B4E2-4891-9FC4-96B134AEB552}.Debug|Any CPU.Build.0 = Debug|Any CPU
		{922A6F3D-B4E2-4891-9FC4-96B134AEB552}.Release|Any CPU.ActiveCfg = Release|Any CPU
		{922A6F3D-B4E2-4891-9FC4-96B134AEB552}.Release|Any CPU.Build.0 = Release|Any CPU
		{C57D1C6F-2B2D-411C-8922-FDFDE3FEFEBA}.Debug|Any CPU.ActiveCfg = Debug|Any CPU
		{C57D1C6F-2B2D-411C-8922-FDFDE3FEFEBA}.Debug|Any CPU.Build.0 = Debug|Any CPU
		{C57D1C6F-2B2D-411C-8922-FDFDE3FEFEBA}.Release|Any CPU.ActiveCfg = Release|Any CPU
		{C57D1C6F-2B2D-411C-8922-FDFDE3FEFEBA}.Release|Any CPU.Build.0 = Release|Any CPU
		{C6CDCB12-2E8C-4C46-B9BD-F3A3C90F1550}.Debug|Any CPU.ActiveCfg = Debug|Any CPU
		{C6CDCB12-2E8C-4C46-B9BD-F3A3C90F1550}.Debug|Any CPU.Build.0 = Debug|Any CPU
		{C6CDCB12-2E8C-4C46-B9BD-F3A3C90F1550}.Release|Any CPU.ActiveCfg = Release|Any CPU
		{C6CDCB12-2E8C-4C46-B9BD-F3A3C90F1550}.Release|Any CPU.Build.0 = Release|Any CPU
	EndGlobalSection
	GlobalSection(SolutionProperties) = preSolution
		HideSolutionNode = FALSE
	EndGlobalSection
	GlobalSection(NestedProjects) = preSolution
		{778D2BFF-7316-446A-9AA9-0E326B0360BA} = {92A069AE-1D49-44B8-BC33-66A358E7C465}
		{8C5513BE-0116-4CF1-B2A4-1B28C7AC1E12} = {778D2BFF-7316-446A-9AA9-0E326B0360BA}
		{1AFFD538-CC1B-4CA8-8404-78474039AE68} = {92A069AE-1D49-44B8-BC33-66A358E7C465}
		{F7DCF7ED-6D0A-4D96-A763-60A495B66139} = {93F7C0CE-03BF-4E1B-A01C-165994841FB3}
		{FCCE1AF2-C306-4092-838A-CF1B9E6185A5} = {1AFFD538-CC1B-4CA8-8404-78474039AE68}
		{922A6F3D-B4E2-4891-9FC4-96B134AEB552} = {1AFFD538-CC1B-4CA8-8404-78474039AE68}
		{AA0EE77C-EA27-45A7-BFF9-E73011BC3E41} = {92A069AE-1D49-44B8-BC33-66A358E7C465}
		{C57D1C6F-2B2D-411C-8922-FDFDE3FEFEBA} = {AA0EE77C-EA27-45A7-BFF9-E73011BC3E41}
		{C6CDCB12-2E8C-4C46-B9BD-F3A3C90F1550} = {AA0EE77C-EA27-45A7-BFF9-E73011BC3E41}
	EndGlobalSection
EndGlobal
